
Microsoft Visual Studio Solution File, Format Version 12.00
# Visual Studio Version 17
VisualStudioVersion = 17.0.31903.59
MinimumVisualStudioVersion = 10.0.40219.1
Project("{FAE04EC0-301F-11D3-BF4B-00C04F79EFBC}") = "Ontogony.Contracts", "src\Ontogony.Contracts\Ontogony.Contracts.csproj", "{15F0B980-58D3-58A1-B549-A791E80E2A76}"
EndProject
Project("{FAE04EC0-301F-11D3-BF4B-00C04F79EFBC}") = "Ontogony.Observability", "src\Ontogony.Observability\Ontogony.Observability.csproj", "{2C97CC3E-5FDF-5819-AAA3-84A72A876D77}"
EndProject
Project("{FAE04EC0-301F-11D3-BF4B-00C04F79EFBC}") = "Ontogony.Configuration", "src\Ontogony.Configuration\Ontogony.Configuration.csproj", "{9C0606AD-66F6-5E72-8BD7-C0FFCE2EFCB4}"
EndProject
Project("{FAE04EC0-301F-11D3-BF4B-00C04F79EFBC}") = "Ontogony.Errors", "src\Ontogony.Errors\Ontogony.Errors.csproj", "{D7E624F8-7E3D-599D-98D3-19E2A1DACFC5}"
EndProject
Project("{FAE04EC0-301F-11D3-BF4B-00C04F79EFBC}") = "Ontogony.Http", "src\Ontogony.Http\Ontogony.Http.csproj", "{4C483B85-8637-59AF-B5D7-95661F170778}"
EndProject
Project("{FAE04EC0-301F-11D3-BF4B-00C04F79EFBC}") = "Ontogony.Hashing", "src\Ontogony.Hashing\Ontogony.Hashing.csproj", "{A17F475B-F399-578D-A61D-C7362AA98D4C}"
EndProject
Project("{FAE04EC0-301F-11D3-BF4B-00C04F79EFBC}") = "Ontogony.Idempotency", "src\Ontogony.Idempotency\Ontogony.Idempotency.csproj", "{7D65AA31-5AAE-52A6-BCD6-5B9823156F00}"
EndProject
Project("{FAE04EC0-301F-11D3-BF4B-00C04F79EFBC}") = "Ontogony.Messaging", "src\Ontogony.Messaging\Ontogony.Messaging.csproj", "{E7559A46-E7FC-5539-8EED-95A4E42C000A}"
EndProject
Project("{FAE04EC0-301F-11D3-BF4B-00C04F79EFBC}") = "Ontogony.Security", "src\Ontogony.Security\Ontogony.Security.csproj", "{A5F18C3A-1066-54C5-962E-F642DE4F9ED1}"
EndProject
Project("{FAE04EC0-301F-11D3-BF4B-00C04F79EFBC}") = "Ontogony.Persistence", "src\Ontogony.Persistence\Ontogony.Persistence.csproj", "{ABD5F78B-BD87-5271-8886-7D6D06721437}"
EndProject
Project("{FAE04EC0-301F-11D3-BF4B-00C04F79EFBC}") = "Ontogony.Testing", "src\Ontogony.Testing\Ontogony.Testing.csproj", "{70F4B0D5-C215-568E-AF6D-90CD78E2E20B}"
EndProject
Project("{FAE04EC0-301F-11D3-BF4B-00C04F79EFBC}") = "Ontogony.Hashing.Tests", "tests\Ontogony.Hashing.Tests\Ontogony.Hashing.Tests.csproj", "{1C569724-EC17-5D7B-B05C-1BB5FD0C78F7}"
EndProject
Project("{FAE04EC0-301F-11D3-BF4B-00C04F79EFBC}") = "Ontogony.Observability.Tests", "tests\Ontogony.Observability.Tests\Ontogony.Observability.Tests.csproj", "{B783B812-838C-570D-90E2-CCEC3A643D09}"
EndProject
Project("{FAE04EC0-301F-11D3-BF4B-00C04F79EFBC}") = "Ontogony.Messaging.Tests", "tests\Ontogony.Messaging.Tests\Ontogony.Messaging.Tests.csproj", "{23666F68-EDC5-510B-97DC-E2D7F59B914A}"
EndProject
Project("{FAE04EC0-301F-11D3-BF4B-00C04F79EFBC}") = "Ontogony.Primitives", "src\Ontogony.Primitives\Ontogony.Primitives.csproj", "{81FAB3B5-D07E-4335-B44E-51085D8F4171}"
EndProject
Project("{FAE04EC0-301F-11D3-BF4B-00C04F79EFBC}") = "Ontogony.Infrastructure.Tests", "tests\Ontogony.Infrastructure.Tests\Ontogony.Infrastructure.Tests.csproj", "{055A92BF-47C2-43F5-A8E1-70A69147F117}"
EndProject
Project("{2150E333-8FDC-42A3-9474-1A3956D46DE8}") = "src", "src", "{827E0CD3-B72D-47B6-A68D-7590B98EB39B}"
EndProject
Project("{FAE04EC0-301F-11D3-BF4B-00C04F79EFBC}") = "Ontogony.Hosting", "src\Ontogony.Hosting\Ontogony.Hosting.csproj", "{70C0CB5D-F162-4715-ABB5-31A891008598}"
EndProject
Project("{FAE04EC0-301F-11D3-BF4B-00C04F79EFBC}") = "Ontogony.Persistence.Postgres", "src\Ontogony.Persistence.Postgres\Ontogony.Persistence.Postgres.csproj", "{7E614FE8-51EB-4B96-870A-C9F3AC0A0DB8}"
EndProject
Project("{FAE04EC0-301F-11D3-BF4B-00C04F79EFBC}") = "Ontogony.ProtocolIngress", "src\Ontogony.ProtocolIngress\Ontogony.ProtocolIngress.csproj", "{9A1F2B3C-4D5E-6F7A-8B9C-0D1E2F3A4B5C}"
EndProject
Project("{FAE04EC0-301F-11D3-BF4B-00C04F79EFBC}") = "Ontogony.ProtocolIngress.Tests", "tests\Ontogony.ProtocolIngress.Tests\Ontogony.ProtocolIngress.Tests.csproj", "{5F6A7B8C-9D0E-1F2A-3B4C-5D6E7F8A9B0C}"
EndProject
Project("{FAE04EC0-301F-11D3-BF4B-00C04F79EFBC}") = "Ontogony.AI.Contracts", "src\Ontogony.AI.Contracts\Ontogony.AI.Contracts.csproj", "{F4648D14-EA36-40F2-A92A-AE846451E2D2}"
EndProject
Project("{2150E333-8FDC-42A3-9474-1A3956D46DE8}") = "tests", "tests", "{0AB3BF05-4346-4AA6-1389-037BE0695223}"
EndProject
Project("{FAE04EC0-301F-11D3-BF4B-00C04F79EFBC}") = "Ontogony.AI.Contracts.Tests", "tests\Ontogony.AI.Contracts.Tests\Ontogony.AI.Contracts.Tests.csproj", "{31668875-A974-4D33-973C-FC80E829BE39}"
EndProject
Project("{FAE04EC0-301F-11D3-BF4B-00C04F79EFBC}") = "Ontogony.Artifacts", "src\Ontogony.Artifacts\Ontogony.Artifacts.csproj", "{6E5A5F24-D54F-44CD-9838-75B976DF87AF}"
EndProject
Project("{FAE04EC0-301F-11D3-BF4B-00C04F79EFBC}") = "Ontogony.Artifacts.Tests", "tests\Ontogony.Artifacts.Tests\Ontogony.Artifacts.Tests.csproj", "{6332731D-BDA8-444B-B5C4-402078B3C7A7}"
EndProject
Project("{FAE04EC0-301F-11D3-BF4B-00C04F79EFBC}") = "Ontogony.Execution", "src\Ontogony.Execution\Ontogony.Execution.csproj", "{50CBDD5B-AD60-4136-80E9-0552539D5D39}"
EndProject
Project("{FAE04EC0-301F-11D3-BF4B-00C04F79EFBC}") = "Ontogony.Execution.Tests", "tests\Ontogony.Execution.Tests\Ontogony.Execution.Tests.csproj", "{BCF47949-7E64-4EEE-9C84-98FE09ABC759}"
EndProject
Project("{2150E333-8FDC-42A3-9474-1A3956D46DE8}") = "examples", "examples", "{B36A84DF-456D-A817-6EDD-3EC3E7F6E11F}"
EndProject
Project("{FAE04EC0-301F-11D3-BF4B-00C04F79EFBC}") = "ConexusDotNetSkeleton", "examples\ConexusDotNetSkeleton\ConexusDotNetSkeleton.csproj", "{2530E16F-DCC2-4890-A976-BFAD1AFB6BA9}"
EndProject
Global
	GlobalSection(SolutionConfigurationPlatforms) = preSolution
		Debug|Any CPU = Debug|Any CPU
		Debug|x64 = Debug|x64
		Debug|x86 = Debug|x86
		Release|Any CPU = Release|Any CPU
		Release|x64 = Release|x64
		Release|x86 = Release|x86
	EndGlobalSection
	GlobalSection(ProjectConfigurationPlatforms) = postSolution
		{15F0B980-58D3-58A1-B549-A791E80E2A76}.Debug|Any CPU.ActiveCfg = Debug|Any CPU
		{15F0B980-58D3-58A1-B549-A791E80E2A76}.Debug|Any CPU.Build.0 = Debug|Any CPU
		{15F0B980-58D3-58A1-B549-A791E80E2A76}.Debug|x64.ActiveCfg = Debug|Any CPU
		{15F0B980-58D3-58A1-B549-A791E80E2A76}.Debug|x64.Build.0 = Debug|Any CPU
		{15F0B980-58D3-58A1-B549-A791E80E2A76}.Debug|x86.ActiveCfg = Debug|Any CPU
		{15F0B980-58D3-58A1-B549-A791E80E2A76}.Debug|x86.Build.0 = Debug|Any CPU
		{15F0B980-58D3-58A1-B549-A791E80E2A76}.Release|Any CPU.ActiveCfg = Release|Any CPU
		{15F0B980-58D3-58A1-B549-A791E80E2A76}.Release|Any CPU.Build.0 = Release|Any CPU
		{15F0B980-58D3-58A1-B549-A791E80E2A76}.Release|x64.ActiveCfg = Release|Any CPU
		{15F0B980-58D3-58A1-B549-A791E80E2A76}.Release|x64.Build.0 = Release|Any CPU
		{15F0B980-58D3-58A1-B549-A791E80E2A76}.Release|x86.ActiveCfg = Release|Any CPU
		{15F0B980-58D3-58A1-B549-A791E80E2A76}.Release|x86.Build.0 = Release|Any CPU
		{2C97CC3E-5FDF-5819-AAA3-84A72A876D77}.Debug|Any CPU.ActiveCfg = Debug|Any CPU
		{2C97CC3E-5FDF-5819-AAA3-84A72A876D77}.Debug|Any CPU.Build.0 = Debug|Any CPU
		{2C97CC3E-5FDF-5819-AAA3-84A72A876D77}.Debug|x64.ActiveCfg = Debug|Any CPU
		{2C97CC3E-5FDF-5819-AAA3-84A72A876D77}.Debug|x64.Build.0 = Debug|Any CPU
		{2C97CC3E-5FDF-5819-AAA3-84A72A876D77}.Debug|x86.ActiveCfg = Debug|Any CPU
		{2C97CC3E-5FDF-5819-AAA3-84A72A876D77}.Debug|x86.Build.0 = Debug|Any CPU
		{2C97CC3E-5FDF-5819-AAA3-84A72A876D77}.Release|Any CPU.ActiveCfg = Release|Any CPU
		{2C97CC3E-5FDF-5819-AAA3-84A72A876D77}.Release|Any CPU.Build.0 = Release|Any CPU
		{2C97CC3E-5FDF-5819-AAA3-84A72A876D77}.Release|x64.ActiveCfg = Release|Any CPU
		{2C97CC3E-5FDF-5819-AAA3-84A72A876D77}.Release|x64.Build.0 = Release|Any CPU
		{2C97CC3E-5FDF-5819-AAA3-84A72A876D77}.Release|x86.ActiveCfg = Release|Any CPU
		{2C97CC3E-5FDF-5819-AAA3-84A72A876D77}.Release|x86.Build.0 = Release|Any CPU
		{9C0606AD-66F6-5E72-8BD7-C0FFCE2EFCB4}.Debug|Any CPU.ActiveCfg = Debug|Any CPU
		{9C0606AD-66F6-5E72-8BD7-C0FFCE2EFCB4}.Debug|Any CPU.Build.0 = Debug|Any CPU
		{9C0606AD-66F6-5E72-8BD7-C0FFCE2EFCB4}.Debug|x64.ActiveCfg = Debug|Any CPU
		{9C0606AD-66F6-5E72-8BD7-C0FFCE2EFCB4}.Debug|x64.Build.0 = Debug|Any CPU
		{9C0606AD-66F6-5E72-8BD7-C0FFCE2EFCB4}.Debug|x86.ActiveCfg = Debug|Any CPU
		{9C0606AD-66F6-5E72-8BD7-C0FFCE2EFCB4}.Debug|x86.Build.0 = Debug|Any CPU
		{9C0606AD-66F6-5E72-8BD7-C0FFCE2EFCB4}.Release|Any CPU.ActiveCfg = Release|Any CPU
		{9C0606AD-66F6-5E72-8BD7-C0FFCE2EFCB4}.Release|Any CPU.Build.0 = Release|Any CPU
		{9C0606AD-66F6-5E72-8BD7-C0FFCE2EFCB4}.Release|x64.ActiveCfg = Release|Any CPU
		{9C0606AD-66F6-5E72-8BD7-C0FFCE2EFCB4}.Release|x64.Build.0 = Release|Any CPU
		{9C0606AD-66F6-5E72-8BD7-C0FFCE2EFCB4}.Release|x86.ActiveCfg = Release|Any CPU
		{9C0606AD-66F6-5E72-8BD7-C0FFCE2EFCB4}.Release|x86.Build.0 = Release|Any CPU
		{D7E624F8-7E3D-599D-98D3-19E2A1DACFC5}.Debug|Any CPU.ActiveCfg = Debug|Any CPU
		{D7E624F8-7E3D-599D-98D3-19E2A1DACFC5}.Debug|Any CPU.Build.0 = Debug|Any CPU
		{D7E624F8-7E3D-599D-98D3-19E2A1DACFC5}.Debug|x64.ActiveCfg = Debug|Any CPU
		{D7E624F8-7E3D-599D-98D3-19E2A1DACFC5}.Debug|x64.Build.0 = Debug|Any CPU
		{D7E624F8-7E3D-599D-98D3-19E2A1DACFC5}.Debug|x86.ActiveCfg = Debug|Any CPU
		{D7E624F8-7E3D-599D-98D3-19E2A1DACFC5}.Debug|x86.Build.0 = Debug|Any CPU
		{D7E624F8-7E3D-599D-98D3-19E2A1DACFC5}.Release|Any CPU.ActiveCfg = Release|Any CPU
		{D7E624F8-7E3D-599D-98D3-19E2A1DACFC5}.Release|Any CPU.Build.0 = Release|Any CPU
		{D7E624F8-7E3D-599D-98D3-19E2A1DACFC5}.Release|x64.ActiveCfg = Release|Any CPU
		{D7E624F8-7E3D-599D-98D3-19E2A1DACFC5}.Release|x64.Build.0 = Release|Any CPU
		{D7E624F8-7E3D-599D-98D3-19E2A1DACFC5}.Release|x86.ActiveCfg = Release|Any CPU
		{D7E624F8-7E3D-599D-98D3-19E2A1DACFC5}.Release|x86.Build.0 = Release|Any CPU
		{4C483B85-8637-59AF-B5D7-95661F170778}.Debug|Any CPU.ActiveCfg = Debug|Any CPU
		{4C483B85-8637-59AF-B5D7-95661F170778}.Debug|Any CPU.Build.0 = Debug|Any CPU
		{4C483B85-8637-59AF-B5D7-95661F170778}.Debug|x64.ActiveCfg = Debug|Any CPU
		{4C483B85-8637-59AF-B5D7-95661F170778}.Debug|x64.Build.0 = Debug|Any CPU
		{4C483B85-8637-59AF-B5D7-95661F170778}.Debug|x86.ActiveCfg = Debug|Any CPU
		{4C483B85-8637-59AF-B5D7-95661F170778}.Debug|x86.Build.0 = Debug|Any CPU
		{4C483B85-8637-59AF-B5D7-95661F170778}.Release|Any CPU.ActiveCfg = Release|Any CPU
		{4C483B85-8637-59AF-B5D7-95661F170778}.Release|Any CPU.Build.0 = Release|Any CPU
		{4C483B85-8637-59AF-B5D7-95661F170778}.Release|x64.ActiveCfg = Release|Any CPU
		{4C483B85-8637-59AF-B5D7-95661F170778}.Release|x64.Build.0 = Release|Any CPU
		{4C483B85-8637-59AF-B5D7-95661F170778}.Release|x86.ActiveCfg = Release|Any CPU
		{4C483B85-8637-59AF-B5D7-95661F170778}.Release|x86.Build.0 = Release|Any CPU
		{A17F475B-F399-578D-A61D-C7362AA98D4C}.Debug|Any CPU.ActiveCfg = Debug|Any CPU
		{A17F475B-F399-578D-A61D-C7362AA98D4C}.Debug|Any CPU.Build.0 = Debug|Any CPU
		{A17F475B-F399-578D-A61D-C7362AA98D4C}.Debug|x64.ActiveCfg = Debug|Any CPU
		{A17F475B-F399-578D-A61D-C7362AA98D4C}.Debug|x64.Build.0 = Debug|Any CPU
		{A17F475B-F399-578D-A61D-C7362AA98D4C}.Debug|x86.ActiveCfg = Debug|Any CPU
		{A17F475B-F399-578D-A61D-C7362AA98D4C}.Debug|x86.Build.0 = Debug|Any CPU
		{A17F475B-F399-578D-A61D-C7362AA98D4C}.Release|Any CPU.ActiveCfg = Release|Any CPU
		{A17F475B-F399-578D-A61D-C7362AA98D4C}.Release|Any CPU.Build.0 = Release|Any CPU
		{A17F475B-F399-578D-A61D-C7362AA98D4C}.Release|x64.ActiveCfg = Release|Any CPU
		{A17F475B-F399-578D-A61D-C7362AA98D4C}.Release|x64.Build.0 = Release|Any CPU
		{A17F475B-F399-578D-A61D-C7362AA98D4C}.Release|x86.ActiveCfg = Release|Any CPU
		{A17F475B-F399-578D-A61D-C7362AA98D4C}.Release|x86.Build.0 = Release|Any CPU
		{7D65AA31-5AAE-52A6-BCD6-5B9823156F00}.Debug|Any CPU.ActiveCfg = Debug|Any CPU
		{7D65AA31-5AAE-52A6-BCD6-5B9823156F00}.Debug|Any CPU.Build.0 = Debug|Any CPU
		{7D65AA31-5AAE-52A6-BCD6-5B9823156F00}.Debug|x64.ActiveCfg = Debug|Any CPU
		{7D65AA31-5AAE-52A6-BCD6-5B9823156F00}.Debug|x64.Build.0 = Debug|Any CPU
		{7D65AA31-5AAE-52A6-BCD6-5B9823156F00}.Debug|x86.ActiveCfg = Debug|Any CPU
		{7D65AA31-5AAE-52A6-BCD6-5B9823156F00}.Debug|x86.Build.0 = Debug|Any CPU
		{7D65AA31-5AAE-52A6-BCD6-5B9823156F00}.Release|Any CPU.ActiveCfg = Release|Any CPU
		{7D65AA31-5AAE-52A6-BCD6-5B9823156F00}.Release|Any CPU.Build.0 = Release|Any CPU
		{7D65AA31-5AAE-52A6-BCD6-5B9823156F00}.Release|x64.ActiveCfg = Release|Any CPU
		{7D65AA31-5AAE-52A6-BCD6-5B9823156F00}.Release|x64.Build.0 = Release|Any CPU
		{7D65AA31-5AAE-52A6-BCD6-5B9823156F00}.Release|x86.ActiveCfg = Release|Any CPU
		{7D65AA31-5AAE-52A6-BCD6-5B9823156F00}.Release|x86.Build.0 = Release|Any CPU
		{E7559A46-E7FC-5539-8EED-95A4E42C000A}.Debug|Any CPU.ActiveCfg = Debug|Any CPU
		{E7559A46-E7FC-5539-8EED-95A4E42C000A}.Debug|Any CPU.Build.0 = Debug|Any CPU
		{E7559A46-E7FC-5539-8EED-95A4E42C000A}.Debug|x64.ActiveCfg = Debug|Any CPU
		{E7559A46-E7FC-5539-8EED-95A4E42C000A}.Debug|x64.Build.0 = Debug|Any CPU
		{E7559A46-E7FC-5539-8EED-95A4E42C000A}.Debug|x86.ActiveCfg = Debug|Any CPU
		{E7559A46-E7FC-5539-8EED-95A4E42C000A}.Debug|x86.Build.0 = Debug|Any CPU
		{E7559A46-E7FC-5539-8EED-95A4E42C000A}.Release|Any CPU.ActiveCfg = Release|Any CPU
		{E7559A46-E7FC-5539-8EED-95A4E42C000A}.Release|Any CPU.Build.0 = Release|Any CPU
		{E7559A46-E7FC-5539-8EED-95A4E42C000A}.Release|x64.ActiveCfg = Release|Any CPU
		{E7559A46-E7FC-5539-8EED-95A4E42C000A}.Release|x64.Build.0 = Release|Any CPU
		{E7559A46-E7FC-5539-8EED-95A4E42C000A}.Release|x86.ActiveCfg = Release|Any CPU
		{E7559A46-E7FC-5539-8EED-95A4E42C000A}.Release|x86.Build.0 = Release|Any CPU
		{A5F18C3A-1066-54C5-962E-F642DE4F9ED1}.Debug|Any CPU.ActiveCfg = Debug|Any CPU
		{A5F18C3A-1066-54C5-962E-F642DE4F9ED1}.Debug|Any CPU.Build.0 = Debug|Any CPU
		{A5F18C3A-1066-54C5-962E-F642DE4F9ED1}.Debug|x64.ActiveCfg = Debug|Any CPU
		{A5F18C3A-1066-54C5-962E-F642DE4F9ED1}.Debug|x64.Build.0 = Debug|Any CPU
		{A5F18C3A-1066-54C5-962E-F642DE4F9ED1}.Debug|x86.ActiveCfg = Debug|Any CPU
		{A5F18C3A-1066-54C5-962E-F642DE4F9ED1}.Debug|x86.Build.0 = Debug|Any CPU
		{A5F18C3A-1066-54C5-962E-F642DE4F9ED1}.Release|Any CPU.ActiveCfg = Release|Any CPU
		{A5F18C3A-1066-54C5-962E-F642DE4F9ED1}.Release|Any CPU.Build.0 = Release|Any CPU
		{A5F18C3A-1066-54C5-962E-F642DE4F9ED1}.Release|x64.ActiveCfg = Release|Any CPU
		{A5F18C3A-1066-54C5-962E-F642DE4F9ED1}.Release|x64.Build.0 = Release|Any CPU
		{A5F18C3A-1066-54C5-962E-F642DE4F9ED1}.Release|x86.ActiveCfg = Release|Any CPU
		{A5F18C3A-1066-54C5-962E-F642DE4F9ED1}.Release|x86.Build.0 = Release|Any CPU
		{ABD5F78B-BD87-5271-8886-7D6D06721437}.Debug|Any CPU.ActiveCfg = Debug|Any CPU
		{ABD5F78B-BD87-5271-8886-7D6D06721437}.Debug|Any CPU.Build.0 = Debug|Any CPU
		{ABD5F78B-BD87-5271-8886-7D6D06721437}.Debug|x64.ActiveCfg = Debug|Any CPU
		{ABD5F78B-BD87-5271-8886-7D6D06721437}.Debug|x64.Build.0 = Debug|Any CPU
		{ABD5F78B-BD87-5271-8886-7D6D06721437}.Debug|x86.ActiveCfg = Debug|Any CPU
		{ABD5F78B-BD87-5271-8886-7D6D06721437}.Debug|x86.Build.0 = Debug|Any CPU
		{ABD5F78B-BD87-5271-8886-7D6D06721437}.Release|Any CPU.ActiveCfg = Release|Any CPU
		{ABD5F78B-BD87-5271-8886-7D6D06721437}.Release|Any CPU.Build.0 = Release|Any CPU
		{ABD5F78B-BD87-5271-8886-7D6D06721437}.Release|x64.ActiveCfg = Release|Any CPU
		{ABD5F78B-BD87-5271-8886-7D6D06721437}.Release|x64.Build.0 = Release|Any CPU
		{ABD5F78B-BD87-5271-8886-7D6D06721437}.Release|x86.ActiveCfg = Release|Any CPU
		{ABD5F78B-BD87-5271-8886-7D6D06721437}.Release|x86.Build.0 = Release|Any CPU
		{70F4B0D5-C215-568E-AF6D-90CD78E2E20B}.Debug|Any CPU.ActiveCfg = Debug|Any CPU
		{70F4B0D5-C215-568E-AF6D-90CD78E2E20B}.Debug|Any CPU.Build.0 = Debug|Any CPU
		{70F4B0D5-C215-568E-AF6D-90CD78E2E20B}.Debug|x64.ActiveCfg = Debug|Any CPU
		{70F4B0D5-C215-568E-AF6D-90CD78E2E20B}.Debug|x64.Build.0 = Debug|Any CPU
		{70F4B0D5-C215-568E-AF6D-90CD78E2E20B}.Debug|x86.ActiveCfg = Debug|Any CPU
		{70F4B0D5-C215-568E-AF6D-90CD78E2E20B}.Debug|x86.Build.0 = Debug|Any CPU
		{70F4B0D5-C215-568E-AF6D-90CD78E2E20B}.Release|Any CPU.ActiveCfg = Release|Any CPU
		{70F4B0D5-C215-568E-AF6D-90CD78E2E20B}.Release|Any CPU.Build.0 = Release|Any CPU
		{70F4B0D5-C215-568E-AF6D-90CD78E2E20B}.Release|x64.ActiveCfg = Release|Any CPU
		{70F4B0D5-C215-568E-AF6D-90CD78E2E20B}.Release|x64.Build.0 = Release|Any CPU
		{70F4B0D5-C215-568E-AF6D-90CD78E2E20B}.Release|x86.ActiveCfg = Release|Any CPU
		{70F4B0D5-C215-568E-AF6D-90CD78E2E20B}.Release|x86.Build.0 = Release|Any CPU
		{1C569724-EC17-5D7B-B05C-1BB5FD0C78F7}.Debug|Any CPU.ActiveCfg = Debug|Any CPU
		{1C569724-EC17-5D7B-B05C-1BB5FD0C78F7}.Debug|Any CPU.Build.0 = Debug|Any CPU
		{1C569724-EC17-5D7B-B05C-1BB5FD0C78F7}.Debug|x64.ActiveCfg = Debug|Any CPU
		{1C569724-EC17-5D7B-B05C-1BB5FD0C78F7}.Debug|x64.Build.0 = Debug|Any CPU
		{1C569724-EC17-5D7B-B05C-1BB5FD0C78F7}.Debug|x86.ActiveCfg = Debug|Any CPU
		{1C569724-EC17-5D7B-B05C-1BB5FD0C78F7}.Debug|x86.Build.0 = Debug|Any CPU
		{1C569724-EC17-5D7B-B05C-1BB5FD0C78F7}.Release|Any CPU.ActiveCfg = Release|Any CPU
		{1C569724-EC17-5D7B-B05C-1BB5FD0C78F7}.Release|Any CPU.Build.0 = Release|Any CPU
		{1C569724-EC17-5D7B-B05C-1BB5FD0C78F7}.Release|x64.ActiveCfg = Release|Any CPU
		{1C569724-EC17-5D7B-B05C-1BB5FD0C78F7}.Release|x64.Build.0 = Release|Any CPU
		{1C569724-EC17-5D7B-B05C-1BB5FD0C78F7}.Release|x86.ActiveCfg = Release|Any CPU
		{1C569724-EC17-5D7B-B05C-1BB5FD0C78F7}.Release|x86.Build.0 = Release|Any CPU
		{B783B812-838C-570D-90E2-CCEC3A643D09}.Debug|Any CPU.ActiveCfg = Debug|Any CPU
		{B783B812-838C-570D-90E2-CCEC3A643D09}.Debug|Any CPU.Build.0 = Debug|Any CPU
		{B783B812-838C-570D-90E2-CCEC3A643D09}.Debug|x64.ActiveCfg = Debug|Any CPU
		{B783B812-838C-570D-90E2-CCEC3A643D09}.Debug|x64.Build.0 = Debug|Any CPU
		{B783B812-838C-570D-90E2-CCEC3A643D09}.Debug|x86.ActiveCfg = Debug|Any CPU
		{B783B812-838C-570D-90E2-CCEC3A643D09}.Debug|x86.Build.0 = Debug|Any CPU
		{B783B812-838C-570D-90E2-CCEC3A643D09}.Release|Any CPU.ActiveCfg = Release|Any CPU
		{B783B812-838C-570D-90E2-CCEC3A643D09}.Release|Any CPU.Build.0 = Release|Any CPU
		{B783B812-838C-570D-90E2-CCEC3A643D09}.Release|x64.ActiveCfg = Release|Any CPU
		{B783B812-838C-570D-90E2-CCEC3A643D09}.Release|x64.Build.0 = Release|Any CPU
		{B783B812-838C-570D-90E2-CCEC3A643D09}.Release|x86.ActiveCfg = Release|Any CPU
		{B783B812-838C-570D-90E2-CCEC3A643D09}.Release|x86.Build.0 = Release|Any CPU
		{23666F68-EDC5-510B-97DC-E2D7F59B914A}.Debug|Any CPU.ActiveCfg = Debug|Any CPU
		{23666F68-EDC5-510B-97DC-E2D7F59B914A}.Debug|Any CPU.Build.0 = Debug|Any CPU
		{23666F68-EDC5-510B-97DC-E2D7F59B914A}.Debug|x64.ActiveCfg = Debug|Any CPU
		{23666F68-EDC5-510B-97DC-E2D7F59B914A}.Debug|x64.Build.0 = Debug|Any CPU
		{23666F68-EDC5-510B-97DC-E2D7F59B914A}.Debug|x86.ActiveCfg = Debug|Any CPU
		{23666F68-EDC5-510B-97DC-E2D7F59B914A}.Debug|x86.Build.0 = Debug|Any CPU
		{23666F68-EDC5-510B-97DC-E2D7F59B914A}.Release|Any CPU.ActiveCfg = Release|Any CPU
		{23666F68-EDC5-510B-97DC-E2D7F59B914A}.Release|Any CPU.Build.0 = Release|Any CPU
		{23666F68-EDC5-510B-97DC-E2D7F59B914A}.Release|x64.ActiveCfg = Release|Any CPU
		{23666F68-EDC5-510B-97DC-E2D7F59B914A}.Release|x64.Build.0 = Release|Any CPU
		{23666F68-EDC5-510B-97DC-E2D7F59B914A}.Release|x86.ActiveCfg = Release|Any CPU
		{23666F68-EDC5-510B-97DC-E2D7F59B914A}.Release|x86.Build.0 = Release|Any CPU
		{81FAB3B5-D07E-4335-B44E-51085D8F4171}.Debug|Any CPU.ActiveCfg = Debug|Any CPU
		{81FAB3B5-D07E-4335-B44E-51085D8F4171}.Debug|Any CPU.Build.0 = Debug|Any CPU
		{81FAB3B5-D07E-4335-B44E-51085D8F4171}.Debug|x64.ActiveCfg = Debug|Any CPU
		{81FAB3B5-D07E-4335-B44E-51085D8F4171}.Debug|x64.Build.0 = Debug|Any CPU
		{81FAB3B5-D07E-4335-B44E-51085D8F4171}.Debug|x86.ActiveCfg = Debug|Any CPU
		{81FAB3B5-D07E-4335-B44E-51085D8F4171}.Debug|x86.Build.0 = Debug|Any CPU
		{81FAB3B5-D07E-4335-B44E-51085D8F4171}.Release|Any CPU.ActiveCfg = Release|Any CPU
		{81FAB3B5-D07E-4335-B44E-51085D8F4171}.Release|Any CPU.Build.0 = Release|Any CPU
		{81FAB3B5-D07E-4335-B44E-51085D8F4171}.Release|x64.ActiveCfg = Release|Any CPU
		{81FAB3B5-D07E-4335-B44E-51085D8F4171}.Release|x64.Build.0 = Release|Any CPU
		{81FAB3B5-D07E-4335-B44E-51085D8F4171}.Release|x86.ActiveCfg = Release|Any CPU
		{81FAB3B5-D07E-4335-B44E-51085D8F4171}.Release|x86.Build.0 = Release|Any CPU
		{055A92BF-47C2-43F5-A8E1-70A69147F117}.Debug|Any CPU.ActiveCfg = Debug|Any CPU
		{055A92BF-47C2-43F5-A8E1-70A69147F117}.Debug|Any CPU.Build.0 = Debug|Any CPU
		{055A92BF-47C2-43F5-A8E1-70A69147F117}.Debug|x64.ActiveCfg = Debug|Any CPU
		{055A92BF-47C2-43F5-A8E1-70A69147F117}.Debug|x64.Build.0 = Debug|Any CPU
		{055A92BF-47C2-43F5-A8E1-70A69147F117}.Debug|x86.ActiveCfg = Debug|Any CPU
		{055A92BF-47C2-43F5-A8E1-70A69147F117}.Debug|x86.Build.0 = Debug|Any CPU
		{055A92BF-47C2-43F5-A8E1-70A69147F117}.Release|Any CPU.ActiveCfg = Release|Any CPU
		{055A92BF-47C2-43F5-A8E1-70A69147F117}.Release|Any CPU.Build.0 = Release|Any CPU
		{055A92BF-47C2-43F5-A8E1-70A69147F117}.Release|x64.ActiveCfg = Release|Any CPU
		{055A92BF-47C2-43F5-A8E1-70A69147F117}.Release|x64.Build.0 = Release|Any CPU
		{055A92BF-47C2-43F5-A8E1-70A69147F117}.Release|x86.ActiveCfg = Release|Any CPU
		{055A92BF-47C2-43F5-A8E1-70A69147F117}.Release|x86.Build.0 = Release|Any CPU
		{70C0CB5D-F162-4715-ABB5-31A891008598}.Debug|Any CPU.ActiveCfg = Debug|Any CPU
		{70C0CB5D-F162-4715-ABB5-31A891008598}.Debug|Any CPU.Build.0 = Debug|Any CPU
		{70C0CB5D-F162-4715-ABB5-31A891008598}.Debug|x64.ActiveCfg = Debug|Any CPU
		{70C0CB5D-F162-4715-ABB5-31A891008598}.Debug|x64.Build.0 = Debug|Any CPU
		{70C0CB5D-F162-4715-ABB5-31A891008598}.Debug|x86.ActiveCfg = Debug|Any CPU
		{70C0CB5D-F162-4715-ABB5-31A891008598}.Debug|x86.Build.0 = Debug|Any CPU
		{70C0CB5D-F162-4715-ABB5-31A891008598}.Release|Any CPU.ActiveCfg = Release|Any CPU
		{70C0CB5D-F162-4715-ABB5-31A891008598}.Release|Any CPU.Build.0 = Release|Any CPU
		{70C0CB5D-F162-4715-ABB5-31A891008598}.Release|x64.ActiveCfg = Release|Any CPU
		{70C0CB5D-F162-4715-ABB5-31A891008598}.Release|x64.Build.0 = Release|Any CPU
		{70C0CB5D-F162-4715-ABB5-31A891008598}.Release|x86.ActiveCfg = Release|Any CPU
		{70C0CB5D-F162-4715-ABB5-31A891008598}.Release|x86.Build.0 = Release|Any CPU
		{7E614FE8-51EB-4B96-870A-C9F3AC0A0DB8}.Debug|Any CPU.ActiveCfg = Debug|Any CPU
		{7E614FE8-51EB-4B96-870A-C9F3AC0A0DB8}.Debug|Any CPU.Build.0 = Debug|Any CPU
		{7E614FE8-51EB-4B96-870A-C9F3AC0A0DB8}.Debug|x64.ActiveCfg = Debug|Any CPU
		{7E614FE8-51EB-4B96-870A-C9F3AC0A0DB8}.Debug|x64.Build.0 = Debug|Any CPU
		{7E614FE8-51EB-4B96-870A-C9F3AC0A0DB8}.Debug|x86.ActiveCfg = Debug|Any CPU
		{7E614FE8-51EB-4B96-870A-C9F3AC0A0DB8}.Debug|x86.Build.0 = Debug|Any CPU
		{7E614FE8-51EB-4B96-870A-C9F3AC0A0DB8}.Release|Any CPU.ActiveCfg = Release|Any CPU
		{7E614FE8-51EB-4B96-870A-C9F3AC0A0DB8}.Release|Any CPU.Build.0 = Release|Any CPU
		{7E614FE8-51EB-4B96-870A-C9F3AC0A0DB8}.Release|x64.ActiveCfg = Release|Any CPU
		{7E614FE8-51EB-4B96-870A-C9F3AC0A0DB8}.Release|x64.Build.0 = Release|Any CPU
		{7E614FE8-51EB-4B96-870A-C9F3AC0A0DB8}.Release|x86.ActiveCfg = Release|Any CPU
		{7E614FE8-51EB-4B96-870A-C9F3AC0A0DB8}.Release|x86.Build.0 = Release|Any CPU
		{9A1F2B3C-4D5E-6F7A-8B9C-0D1E2F3A4B5C}.Debug|Any CPU.ActiveCfg = Debug|Any CPU
		{9A1F2B3C-4D5E-6F7A-8B9C-0D1E2F3A4B5C}.Debug|Any CPU.Build.0 = Debug|Any CPU
		{9A1F2B3C-4D5E-6F7A-8B9C-0D1E2F3A4B5C}.Debug|x64.ActiveCfg = Debug|Any CPU
		{9A1F2B3C-4D5E-6F7A-8B9C-0D1E2F3A4B5C}.Debug|x64.Build.0 = Debug|Any CPU
		{9A1F2B3C-4D5E-6F7A-8B9C-0D1E2F3A4B5C}.Debug|x86.ActiveCfg = Debug|Any CPU
		{9A1F2B3C-4D5E-6F7A-8B9C-0D1E2F3A4B5C}.Debug|x86.Build.0 = Debug|Any CPU
		{9A1F2B3C-4D5E-6F7A-8B9C-0D1E2F3A4B5C}.Release|Any CPU.ActiveCfg = Release|Any CPU
		{9A1F2B3C-4D5E-6F7A-8B9C-0D1E2F3A4B5C}.Release|Any CPU.Build.0 = Release|Any CPU
		{9A1F2B3C-4D5E-6F7A-8B9C-0D1E2F3A4B5C}.Release|x64.ActiveCfg = Release|Any CPU
		{9A1F2B3C-4D5E-6F7A-8B9C-0D1E2F3A4B5C}.Release|x64.Build.0 = Release|Any CPU
		{9A1F2B3C-4D5E-6F7A-8B9C-0D1E2F3A4B5C}.Release|x86.ActiveCfg = Release|Any CPU
		{9A1F2B3C-4D5E-6F7A-8B9C-0D1E2F3A4B5C}.Release|x86.Build.0 = Release|Any CPU
		{5F6A7B8C-9D0E-1F2A-3B4C-5D6E7F8A9B0C}.Debug|Any CPU.ActiveCfg = Debug|Any CPU
		{5F6A7B8C-9D0E-1F2A-3B4C-5D6E7F8A9B0C}.Debug|Any CPU.Build.0 = Debug|Any CPU
		{5F6A7B8C-9D0E-1F2A-3B4C-5D6E7F8A9B0C}.Debug|x64.ActiveCfg = Debug|Any CPU
		{5F6A7B8C-9D0E-1F2A-3B4C-5D6E7F8A9B0C}.Debug|x64.Build.0 = Debug|Any CPU
		{5F6A7B8C-9D0E-1F2A-3B4C-5D6E7F8A9B0C}.Debug|x86.ActiveCfg = Debug|Any CPU
		{5F6A7B8C-9D0E-1F2A-3B4C-5D6E7F8A9B0C}.Debug|x86.Build.0 = Debug|Any CPU
		{5F6A7B8C-9D0E-1F2A-3B4C-5D6E7F8A9B0C}.Release|Any CPU.ActiveCfg = Release|Any CPU
		{5F6A7B8C-9D0E-1F2A-3B4C-5D6E7F8A9B0C}.Release|Any CPU.Build.0 = Release|Any CPU
		{5F6A7B8C-9D0E-1F2A-3B4C-5D6E7F8A9B0C}.Release|x64.ActiveCfg = Release|Any CPU
		{5F6A7B8C-9D0E-1F2A-3B4C-5D6E7F8A9B0C}.Release|x64.Build.0 = Release|Any CPU
		{5F6A7B8C-9D0E-1F2A-3B4C-5D6E7F8A9B0C}.Release|x86.ActiveCfg = Release|Any CPU
		{5F6A7B8C-9D0E-1F2A-3B4C-5D6E7F8A9B0C}.Release|x86.Build.0 = Release|Any CPU
		{F4648D14-EA36-40F2-A92A-AE846451E2D2}.Debug|Any CPU.ActiveCfg = Debug|Any CPU
		{F4648D14-EA36-40F2-A92A-AE846451E2D2}.Debug|Any CPU.Build.0 = Debug|Any CPU
		{F4648D14-EA36-40F2-A92A-AE846451E2D2}.Debug|x64.ActiveCfg = Debug|Any CPU
		{F4648D14-EA36-40F2-A92A-AE846451E2D2}.Debug|x64.Build.0 = Debug|Any CPU
		{F4648D14-EA36-40F2-A92A-AE846451E2D2}.Debug|x86.ActiveCfg = Debug|Any CPU
		{F4648D14-EA36-40F2-A92A-AE846451E2D2}.Debug|x86.Build.0 = Debug|Any CPU
		{F4648D14-EA36-40F2-A92A-AE846451E2D2}.Release|Any CPU.ActiveCfg = Release|Any CPU
		{F4648D14-EA36-40F2-A92A-AE846451E2D2}.Release|Any CPU.Build.0 = Release|Any CPU
		{F4648D14-EA36-40F2-A92A-AE846451E2D2}.Release|x64.ActiveCfg = Release|Any CPU
		{F4648D14-EA36-40F2-A92A-AE846451E2D2}.Release|x64.Build.0 = Release|Any CPU
		{F4648D14-EA36-40F2-A92A-AE846451E2D2}.Release|x86.ActiveCfg = Release|Any CPU
		{F4648D14-EA36-40F2-A92A-AE846451E2D2}.Release|x86.Build.0 = Release|Any CPU
		{31668875-A974-4D33-973C-FC80E829BE39}.Debug|Any CPU.ActiveCfg = Debug|Any CPU
		{31668875-A974-4D33-973C-FC80E829BE39}.Debug|Any CPU.Build.0 = Debug|Any CPU
		{31668875-A974-4D33-973C-FC80E829BE39}.Debug|x64.ActiveCfg = Debug|Any CPU
		{31668875-A974-4D33-973C-FC80E829BE39}.Debug|x64.Build.0 = Debug|Any CPU
		{31668875-A974-4D33-973C-FC80E829BE39}.Debug|x86.ActiveCfg = Debug|Any CPU
		{31668875-A974-4D33-973C-FC80E829BE39}.Debug|x86.Build.0 = Debug|Any CPU
		{31668875-A974-4D33-973C-FC80E829BE39}.Release|Any CPU.ActiveCfg = Release|Any CPU
		{31668875-A974-4D33-973C-FC80E829BE39}.Release|Any CPU.Build.0 = Release|Any CPU
		{31668875-A974-4D33-973C-FC80E829BE39}.Release|x64.ActiveCfg = Release|Any CPU
		{31668875-A974-4D33-973C-FC80E829BE39}.Release|x64.Build.0 = Release|Any CPU
		{31668875-A974-4D33-973C-FC80E829BE39}.Release|x86.ActiveCfg = Release|Any CPU
		{31668875-A974-4D33-973C-FC80E829BE39}.Release|x86.Build.0 = Release|Any CPU
		{6E5A5F24-D54F-44CD-9838-75B976DF87AF}.Debug|Any CPU.ActiveCfg = Debug|Any CPU
		{6E5A5F24-D54F-44CD-9838-75B976DF87AF}.Debug|Any CPU.Build.0 = Debug|Any CPU
		{6E5A5F24-D54F-44CD-9838-75B976DF87AF}.Debug|x64.ActiveCfg = Debug|Any CPU
		{6E5A5F24-D54F-44CD-9838-75B976DF87AF}.Debug|x64.Build.0 = Debug|Any CPU
		{6E5A5F24-D54F-44CD-9838-75B976DF87AF}.Debug|x86.ActiveCfg = Debug|Any CPU
		{6E5A5F24-D54F-44CD-9838-75B976DF87AF}.Debug|x86.Build.0 = Debug|Any CPU
		{6E5A5F24-D54F-44CD-9838-75B976DF87AF}.Release|Any CPU.ActiveCfg = Release|Any CPU
		{6E5A5F24-D54F-44CD-9838-75B976DF87AF}.Release|Any CPU.Build.0 = Release|Any CPU
		{6E5A5F24-D54F-44CD-9838-75B976DF87AF}.Release|x64.ActiveCfg = Release|Any CPU
		{6E5A5F24-D54F-44CD-9838-75B976DF87AF}.Release|x64.Build.0 = Release|Any CPU
		{6E5A5F24-D54F-44CD-9838-75B976DF87AF}.Release|x86.ActiveCfg = Release|Any CPU
		{6E5A5F24-D54F-44CD-9838-75B976DF87AF}.Release|x86.Build.0 = Release|Any CPU
		{6332731D-BDA8-444B-B5C4-402078B3C7A7}.Debug|Any CPU.ActiveCfg = Debug|Any CPU
		{6332731D-BDA8-444B-B5C4-402078B3C7A7}.Debug|Any CPU.Build.0 = Debug|Any CPU
		{6332731D-BDA8-444B-B5C4-402078B3C7A7}.Debug|x64.ActiveCfg = Debug|Any CPU
		{6332731D-BDA8-444B-B5C4-402078B3C7A7}.Debug|x64.Build.0 = Debug|Any CPU
		{6332731D-BDA8-444B-B5C4-402078B3C7A7}.Debug|x86.ActiveCfg = Debug|Any CPU
		{6332731D-BDA8-444B-B5C4-402078B3C7A7}.Debug|x86.Build.0 = Debug|Any CPU
		{6332731D-BDA8-444B-B5C4-402078B3C7A7}.Release|Any CPU.ActiveCfg = Release|Any CPU
		{6332731D-BDA8-444B-B5C4-402078B3C7A7}.Release|Any CPU.Build.0 = Release|Any CPU
		{6332731D-BDA8-444B-B5C4-402078B3C7A7}.Release|x64.ActiveCfg = Release|Any CPU
		{6332731D-BDA8-444B-B5C4-402078B3C7A7}.Release|x64.Build.0 = Release|Any CPU
		{6332731D-BDA8-444B-B5C4-402078B3C7A7}.Release|x86.ActiveCfg = Release|Any CPU
		{6332731D-BDA8-444B-B5C4-402078B3C7A7}.Release|x86.Build.0 = Release|Any CPU
		{50CBDD5B-AD60-4136-80E9-0552539D5D39}.Debug|Any CPU.ActiveCfg = Debug|Any CPU
		{50CBDD5B-AD60-4136-80E9-0552539D5D39}.Debug|Any CPU.Build.0 = Debug|Any CPU
		{50CBDD5B-AD60-4136-80E9-0552539D5D39}.Debug|x64.ActiveCfg = Debug|Any CPU
		{50CBDD5B-AD60-4136-80E9-0552539D5D39}.Debug|x64.Build.0 = Debug|Any CPU
		{50CBDD5B-AD60-4136-80E9-0552539D5D39}.Debug|x86.ActiveCfg = Debug|Any CPU
		{50CBDD5B-AD60-4136-80E9-0552539D5D39}.Debug|x86.Build.0 = Debug|Any CPU
		{50CBDD5B-AD60-4136-80E9-0552539D5D39}.Release|Any CPU.ActiveCfg = Release|Any CPU
		{50CBDD5B-AD60-4136-80E9-0552539D5D39}.Release|Any CPU.Build.0 = Release|Any CPU
		{50CBDD5B-AD60-4136-80E9-0552539D5D39}.Release|x64.ActiveCfg = Release|Any CPU
		{50CBDD5B-AD60-4136-80E9-0552539D5D39}.Release|x64.Build.0 = Release|Any CPU
		{50CBDD5B-AD60-4136-80E9-0552539D5D39}.Release|x86.ActiveCfg = Release|Any CPU
		{50CBDD5B-AD60-4136-80E9-0552539D5D39}.Release|x86.Build.0 = Release|Any CPU
		{BCF47949-7E64-4EEE-9C84-98FE09ABC759}.Debug|Any CPU.ActiveCfg = Debug|Any CPU
		{BCF47949-7E64-4EEE-9C84-98FE09ABC759}.Debug|Any CPU.Build.0 = Debug|Any CPU
		{BCF47949-7E64-4EEE-9C84-98FE09ABC759}.Debug|x64.ActiveCfg = Debug|Any CPU
		{BCF47949-7E64-4EEE-9C84-98FE09ABC759}.Debug|x64.Build.0 = Debug|Any CPU
		{BCF47949-7E64-4EEE-9C84-98FE09ABC759}.Debug|x86.ActiveCfg = Debug|Any CPU
		{BCF47949-7E64-4EEE-9C84-98FE09ABC759}.Debug|x86.Build.0 = Debug|Any CPU
		{BCF47949-7E64-4EEE-9C84-98FE09ABC759}.Release|Any CPU.ActiveCfg = Release|Any CPU
		{BCF47949-7E64-4EEE-9C84-98FE09ABC759}.Release|Any CPU.Build.0 = Release|Any CPU
		{BCF47949-7E64-4EEE-9C84-98FE09ABC759}.Release|x64.ActiveCfg = Release|Any CPU
		{BCF47949-7E64-4EEE-9C84-98FE09ABC759}.Release|x64.Build.0 = Release|Any CPU
		{BCF47949-7E64-4EEE-9C84-98FE09ABC759}.Release|x86.ActiveCfg = Release|Any CPU
		{BCF47949-7E64-4EEE-9C84-98FE09ABC759}.Release|x86.Build.0 = Release|Any CPU
		{2530E16F-DCC2-4890-A976-BFAD1AFB6BA9}.Debug|Any CPU.ActiveCfg = Debug|Any CPU
		{2530E16F-DCC2-4890-A976-BFAD1AFB6BA9}.Debug|Any CPU.Build.0 = Debug|Any CPU
		{2530E16F-DCC2-4890-A976-BFAD1AFB6BA9}.Debug|x64.ActiveCfg = Debug|Any CPU
		{2530E16F-DCC2-4890-A976-BFAD1AFB6BA9}.Debug|x64.Build.0 = Debug|Any CPU
		{2530E16F-DCC2-4890-A976-BFAD1AFB6BA9}.Debug|x86.ActiveCfg = Debug|Any CPU
		{2530E16F-DCC2-4890-A976-BFAD1AFB6BA9}.Debug|x86.Build.0 = Debug|Any CPU
		{2530E16F-DCC2-4890-A976-BFAD1AFB6BA9}.Release|Any CPU.ActiveCfg = Release|Any CPU
		{2530E16F-DCC2-4890-A976-BFAD1AFB6BA9}.Release|Any CPU.Build.0 = Release|Any CPU
		{2530E16F-DCC2-4890-A976-BFAD1AFB6BA9}.Release|x64.ActiveCfg = Release|Any CPU
		{2530E16F-DCC2-4890-A976-BFAD1AFB6BA9}.Release|x64.Build.0 = Release|Any CPU
		{2530E16F-DCC2-4890-A976-BFAD1AFB6BA9}.Release|x86.ActiveCfg = Release|Any CPU
		{2530E16F-DCC2-4890-A976-BFAD1AFB6BA9}.Release|x86.Build.0 = Release|Any CPU
	EndGlobalSection
	GlobalSection(SolutionProperties) = preSolution
		HideSolutionNode = FALSE
	EndGlobalSection
	GlobalSection(NestedProjects) = preSolution
		{70C0CB5D-F162-4715-ABB5-31A891008598} = {827E0CD3-B72D-47B6-A68D-7590B98EB39B}
		{7E614FE8-51EB-4B96-870A-C9F3AC0A0DB8} = {827E0CD3-B72D-47B6-A68D-7590B98EB39B}
		{9A1F2B3C-4D5E-6F7A-8B9C-0D1E2F3A4B5C} = {827E0CD3-B72D-47B6-A68D-7590B98EB39B}
		{F4648D14-EA36-40F2-A92A-AE846451E2D2} = {827E0CD3-B72D-47B6-A68D-7590B98EB39B}
		{31668875-A974-4D33-973C-FC80E829BE39} = {0AB3BF05-4346-4AA6-1389-037BE0695223}
		{6E5A5F24-D54F-44CD-9838-75B976DF87AF} = {827E0CD3-B72D-47B6-A68D-7590B98EB39B}
		{6332731D-BDA8-444B-B5C4-402078B3C7A7} = {0AB3BF05-4346-4AA6-1389-037BE0695223}
		{50CBDD5B-AD60-4136-80E9-0552539D5D39} = {827E0CD3-B72D-47B6-A68D-7590B98EB39B}
		{BCF47949-7E64-4EEE-9C84-98FE09ABC759} = {0AB3BF05-4346-4AA6-1389-037BE0695223}
		{2530E16F-DCC2-4890-A976-BFAD1AFB6BA9} = {B36A84DF-456D-A817-6EDD-3EC3E7F6E11F}
	EndGlobalSection
EndGlobal
